
Microsoft Visual Studio Solution File, Format Version 12.00
# Visual Studio Version 17
VisualStudioVersion = 17.8.34408.163
MinimumVisualStudioVersion = 10.0.40219.1
Project("{FAE04EC0-301F-11D3-BF4B-00C04F79EFBC}") = "RetroRealm", "RetroRealm\RetroRealm.csproj", "{F20AEADC-BFD9-4FEF-82AD-4A27E16D0C33}"
EndProject
Global
	GlobalSection(SolutionConfigurationPlatforms) = preSolution
		Debug|Any CPU = Debug|Any CPU
		Release|Any CPU = Release|Any CPU
	EndGlobalSection
	GlobalSection(ProjectConfigurationPlatforms) = postSolution
		{F20AEADC-BFD9-4FEF-82AD-4A27E16D0C33}.Debug|Any CPU.ActiveCfg = Debug|Any CPU
		{F20AEADC-BFD9-4FEF-82AD-4A27E16D0C33}.Debug|Any CPU.Build.0 = Debug|Any CPU
		{F20AEADC-BFD9-4FEF-82AD-4A27E16D0C33}.Release|Any CPU.ActiveCfg = Release|Any CPU
		{F20AEADC-BFD9-4FEF-82AD-4A27E16D0C33}.Release|Any CPU.Build.0 = Release|Any CPU
	EndGlobalSection
	GlobalSection(SolutionProperties) = preSolution
		HideSolutionNode = FALSE
	EndGlobalSection
	GlobalSection(ExtensibilityGlobals) = postSolution
		SolutionGuid = {93351B77-D8F4-4878-B850-BE6BDC2C38F3}
	EndGlobalSection
EndGlobal
